
Microsoft Visual Studio Solution File, Format Version 12.00
# Visual Studio Version 17
VisualStudioVersion = 17.11.35312.102
MinimumVisualStudioVersion = 10.0.40219.1
Project("{FAE04EC0-301F-11D3-BF4B-00C04F79EFBC}") = "Parcheggio", "Parcheggio.csproj", "{F75132B6-00D6-46B6-B091-B4515E9926B8}"
EndProject
Global
	GlobalSection(SolutionConfigurationPlatforms) = preSolution
		Debug|Any CPU = Debug|Any CPU
		Release|Any CPU = Release|Any CPU
	EndGlobalSection
	GlobalSection(ProjectConfigurationPlatforms) = postSolution
		{F75132B6-00D6-46B6-B091-B4515E9926B8}.Debug|Any CPU.ActiveCfg = Debug|Any CPU
		{F75132B6-00D6-46B6-B091-B4515E9926B8}.Debug|Any CPU.Build.0 = Debug|Any CPU
		{F75132B6-00D6-46B6-B091-B4515E9926B8}.Release|Any CPU.ActiveCfg = Release|Any CPU
		{F75132B6-00D6-46B6-B091-B4515E9926B8}.Release|Any CPU.Build.0 = Release|Any CPU
	EndGlobalSection
	GlobalSection(SolutionProperties) = preSolution
		HideSolutionNode = FALSE
	EndGlobalSection
	GlobalSection(ExtensibilityGlobals) = postSolution
		SolutionGuid = {69C21FF4-3C75-4C5F-AB04-96B7AB677195}
	EndGlobalSection
EndGlobal
